
Microsoft Visual Studio Solution File, Format Version 12.00
# Visual Studio Version 17
VisualStudioVersion = 17.11.35222.181
MinimumVisualStudioVersion = 10.0.40219.1
Project("{FAE04EC0-301F-11D3-BF4B-00C04F79EFBC}") = "RailwayDeploymentAOT", "RailwayDeploymentAOT\RailwayDeploymentAOT.csproj", "{0C83D38F-DF99-4DC6-8F91-AB3652175D49}"
EndProject
Project("{2150E333-8FDC-42A3-9474-1A3956D46DE8}") = "Solution Items", "Solution Items", "{333319E3-60B9-464C-874C-116306FA12EC}"
	ProjectSection(SolutionItems) = preProject
		railway.toml = railway.toml
	EndProjectSection
EndProject
Global
	GlobalSection(SolutionConfigurationPlatforms) = preSolution
		Debug|Any CPU = Debug|Any CPU
		Release|Any CPU = Release|Any CPU
	EndGlobalSection
	GlobalSection(ProjectConfigurationPlatforms) = postSolution
		{0C83D38F-DF99-4DC6-8F91-AB3652175D49}.Debug|Any CPU.ActiveCfg = Debug|Any CPU
		{0C83D38F-DF99-4DC6-8F91-AB3652175D49}.Debug|Any CPU.Build.0 = Debug|Any CPU
		{0C83D38F-DF99-4DC6-8F91-AB3652175D49}.Release|Any CPU.ActiveCfg = Release|Any CPU
		{0C83D38F-DF99-4DC6-8F91-AB3652175D49}.Release|Any CPU.Build.0 = Release|Any CPU
	EndGlobalSection
	GlobalSection(SolutionProperties) = preSolution
		HideSolutionNode = FALSE
	EndGlobalSection
	GlobalSection(ExtensibilityGlobals) = postSolution
		SolutionGuid = {E0190289-C738-4489-95B8-E270A8DDFD6F}
	EndGlobalSection
EndGlobal
